// !$*UTF8*$!
{
	archiveVersion = 1;
	classes = {
	};
	objectVersion = 46;
	objects = {

/* Begin PBXBuildFile section */
		D9B8B13147AA5C241402BAB2 /* libPods.a in Frameworks */ = {isa = PBXBuildFile; fileRef = 04CFE87012EF0091B7FFC7EA /* libPods.a */; };
		F64FAE531D9BD57E00E7520F /* main.m in Sources */ = {isa = PBXBuildFile; fileRef = F64FAE521D9BD57E00E7520F /* main.m */; };
		F64FAE561D9BD57E00E7520F /* AppDelegate.m in Sources */ = {isa = PBXBuildFile; fileRef = F64FAE551D9BD57E00E7520F /* AppDelegate.m */; };
		F64FAE591D9BD57E00E7520F /* ViewController.m in Sources */ = {isa = PBXBuildFile; fileRef = F64FAE581D9BD57E00E7520F /* ViewController.m */; };
		F64FAE5E1D9BD57E00E7520F /* Assets.xcassets in Resources */ = {isa = PBXBuildFile; fileRef = F64FAE5D1D9BD57E00E7520F /* Assets.xcassets */; };
		F64FAE611D9BD57E00E7520F /* LaunchScreen.storyboard in Resources */ = {isa = PBXBuildFile; fileRef = F64FAE5F1D9BD57E00E7520F /* LaunchScreen.storyboard */; };
		F64FAE711D9BD8AA00E7520F /* BaseNavigationController.m in Sources */ = {isa = PBXBuildFile; fileRef = F64FAE701D9BD8AA00E7520F /* BaseNavigationController.m */; };
		F64FAE761D9BD93100E7520F /* UIColor+APPColor.m in Sources */ = {isa = PBXBuildFile; fileRef = F64FAE751D9BD93100E7520F /* UIColor+APPColor.m */; };
		F64FAE791D9BD9C600E7520F /* UIColor+Hex.m in Sources */ = {isa = PBXBuildFile; fileRef = F64FAE781D9BD9C600E7520F /* UIColor+Hex.m */; };
		F64FAE7B1D9BDD6500E7520F /* functionList.plist in Resources */ = {isa = PBXBuildFile; fileRef = F64FAE7A1D9BDD6500E7520F /* functionList.plist */; };
		F64FAE7E1D9BEAB700E7520F /* AppWebViewController.m in Sources */ = {isa = PBXBuildFile; fileRef = F64FAE7D1D9BEAB700E7520F /* AppWebViewController.m */; };
		F660870C1D9CB76000DD202C /* index.html in Resources */ = {isa = PBXBuildFile; fileRef = F660870B1D9CB76000DD202C /* index.html */; };
		F660870F1D9CB82F00DD202C /* app.js in Resources */ = {isa = PBXBuildFile; fileRef = F660870E1D9CB82F00DD202C /* app.js */; };
		F66087141D9CB9BB00DD202C /* WebViewJavascriptBridge.js.txt in Resources */ = {isa = PBXBuildFile; fileRef = F66087121D9CB9BB00DD202C /* WebViewJavascriptBridge.js.txt */; };
		F66087151D9CB9BB00DD202C /* WebViewJavascriptBridge.m in Sources */ = {isa = PBXBuildFile; fileRef = F66087131D9CB9BB00DD202C /* WebViewJavascriptBridge.m */; };
		F66087191D9CBDC400DD202C /* APPHint.m in Sources */ = {isa = PBXBuildFile; fileRef = F66087181D9CBDC400DD202C /* APPHint.m */; };
		F660871C1D9CBEB900DD202C /* NJBProgressContentView.m in Sources */ = {isa = PBXBuildFile; fileRef = F660871B1D9CBEB900DD202C /* NJBProgressContentView.m */; };
		F66087221D9CC1B900DD202C /* NJKWebViewProgress.m in Sources */ = {isa = PBXBuildFile; fileRef = F660871F1D9CC1B900DD202C /* NJKWebViewProgress.m */; };
		F66087231D9CC1B900DD202C /* NJKWebViewProgressView.m in Sources */ = {isa = PBXBuildFile; fileRef = F66087211D9CC1B900DD202C /* NJKWebViewProgressView.m */; };
		F66087271D9CC8A300DD202C /* Tools.m in Sources */ = {isa = PBXBuildFile; fileRef = F66087261D9CC8A300DD202C /* Tools.m */; };
		F660872B1D9CE65900DD202C /* UIPickerController.m in Sources */ = {isa = PBXBuildFile; fileRef = F660872A1D9CE65900DD202C /* UIPickerController.m */; };
		F66087351D9CF5B400DD202C /* AnimView.m in Sources */ = {isa = PBXBuildFile; fileRef = F66087341D9CF5B400DD202C /* AnimView.m */; };
		F660873C1D9D316400DD202C /* CollectionControllerViewController.m in Sources */ = {isa = PBXBuildFile; fileRef = F660873B1D9D316400DD202C /* CollectionControllerViewController.m */; };
		F660873F1D9D319300DD202C /* CollectionViewCell.m in Sources */ = {isa = PBXBuildFile; fileRef = F660873E1D9D319300DD202C /* CollectionViewCell.m */; };
/* End PBXBuildFile section */

/* Begin PBXFileReference section */
		04CFE87012EF0091B7FFC7EA /* libPods.a */ = {isa = PBXFileReference; explicitFileType = archive.ar; includeInIndex = 0; path = libPods.a; sourceTree = BUILT_PRODUCTS_DIR; };
		7AD0979C17E4C190F8D3742D /* Pods.release.xcconfig */ = {isa = PBXFileReference; includeInIndex = 1; lastKnownFileType = text.xcconfig; name = Pods.release.xcconfig; path = "Pods/Target Support Files/Pods/Pods.release.xcconfig"; sourceTree = "<group>"; };
		D1C6F2C1DBABDFED8EB2E46F /* Pods.debug.xcconfig */ = {isa = PBXFileReference; includeInIndex = 1; lastKnownFileType = text.xcconfig; name = Pods.debug.xcconfig; path = "Pods/Target Support Files/Pods/Pods.debug.xcconfig"; sourceTree = "<group>"; };
		F64FAE4E1D9BD57E00E7520F /* IOSDemo.app */ = {isa = PBXFileReference; explicitFileType = wrapper.application; includeInIndex = 0; path = IOSDemo.app; sourceTree = BUILT_PRODUCTS_DIR; };
		F64FAE521D9BD57E00E7520F /* main.m */ = {isa = PBXFileReference; lastKnownFileType = sourcecode.c.objc; path = main.m; sourceTree = "<group>"; };
		F64FAE541D9BD57E00E7520F /* AppDelegate.h */ = {isa = PBXFileReference; lastKnownFileType = sourcecode.c.h; path = AppDelegate.h; sourceTree = "<group>"; };
		F64FAE551D9BD57E00E7520F /* AppDelegate.m */ = {isa = PBXFileReference; lastKnownFileType = sourcecode.c.objc; path = AppDelegate.m; sourceTree = "<group>"; };
		F64FAE571D9BD57E00E7520F /* ViewController.h */ = {isa = PBXFileReference; lastKnownFileType = sourcecode.c.h; path = ViewController.h; sourceTree = "<group>"; };
		F64FAE581D9BD57E00E7520F /* ViewController.m */ = {isa = PBXFileReference; lastKnownFileType = sourcecode.c.objc; path = ViewController.m; sourceTree = "<group>"; };
		F64FAE5D1D9BD57E00E7520F /* Assets.xcassets */ = {isa = PBXFileReference; lastKnownFileType = folder.assetcatalog; path = Assets.xcassets; sourceTree = "<group>"; };
		F64FAE601D9BD57E00E7520F /* Base */ = {isa = PBXFileReference; lastKnownFileType = file.storyboard; name = Base; path = Base.lproj/LaunchScreen.storyboard; sourceTree = "<group>"; };
		F64FAE621D9BD57E00E7520F /* Info.plist */ = {isa = PBXFileReference; lastKnownFileType = text.plist.xml; path = Info.plist; sourceTree = "<group>"; };
		F64FAE6F1D9BD8AA00E7520F /* BaseNavigationController.h */ = {isa = PBXFileReference; fileEncoding = 4; lastKnownFileType = sourcecode.c.h; path = BaseNavigationController.h; sourceTree = "<group>"; };
		F64FAE701D9BD8AA00E7520F /* BaseNavigationController.m */ = {isa = PBXFileReference; fileEncoding = 4; lastKnownFileType = sourcecode.c.objc; path = BaseNavigationController.m; sourceTree = "<group>"; };
		F64FAE741D9BD93100E7520F /* UIColor+APPColor.h */ = {isa = PBXFileReference; fileEncoding = 4; lastKnownFileType = sourcecode.c.h; path = "UIColor+APPColor.h"; sourceTree = "<group>"; };
		F64FAE751D9BD93100E7520F /* UIColor+APPColor.m */ = {isa = PBXFileReference; fileEncoding = 4; lastKnownFileType = sourcecode.c.objc; path = "UIColor+APPColor.m"; sourceTree = "<group>"; };
		F64FAE771D9BD9C600E7520F /* UIColor+Hex.h */ = {isa = PBXFileReference; fileEncoding = 4; lastKnownFileType = sourcecode.c.h; path = "UIColor+Hex.h"; sourceTree = "<group>"; };
		F64FAE781D9BD9C600E7520F /* UIColor+Hex.m */ = {isa = PBXFileReference; fileEncoding = 4; lastKnownFileType = sourcecode.c.objc; path = "UIColor+Hex.m"; sourceTree = "<group>"; };
		F64FAE7A1D9BDD6500E7520F /* functionList.plist */ = {isa = PBXFileReference; fileEncoding = 4; lastKnownFileType = text.plist.xml; path = functionList.plist; sourceTree = "<group>"; };
		F64FAE7C1D9BEAB700E7520F /* AppWebViewController.h */ = {isa = PBXFileReference; fileEncoding = 4; lastKnownFileType = sourcecode.c.h; path = AppWebViewController.h; sourceTree = "<group>"; };
		F64FAE7D1D9BEAB700E7520F /* AppWebViewController.m */ = {isa = PBXFileReference; fileEncoding = 4; lastKnownFileType = sourcecode.c.objc; path = AppWebViewController.m; sourceTree = "<group>"; };
		F64FAE7F1D9BF28A00E7520F /* LHDefines.h */ = {isa = PBXFileReference; lastKnownFileType = sourcecode.c.h; path = LHDefines.h; sourceTree = "<group>"; };
		F660870B1D9CB76000DD202C /* index.html */ = {isa = PBXFileReference; fileEncoding = 4; lastKnownFileType = text.html; path = index.html; sourceTree = "<group>"; };
		F660870E1D9CB82F00DD202C /* app.js */ = {isa = PBXFileReference; fileEncoding = 4; lastKnownFileType = sourcecode.javascript; path = app.js; sourceTree = "<group>"; };
		F66087111D9CB9BB00DD202C /* WebViewJavascriptBridge.h */ = {isa = PBXFileReference; fileEncoding = 4; lastKnownFileType = sourcecode.c.h; path = WebViewJavascriptBridge.h; sourceTree = "<group>"; };
		F66087121D9CB9BB00DD202C /* WebViewJavascriptBridge.js.txt */ = {isa = PBXFileReference; fileEncoding = 4; lastKnownFileType = text; path = WebViewJavascriptBridge.js.txt; sourceTree = "<group>"; };
		F66087131D9CB9BB00DD202C /* WebViewJavascriptBridge.m */ = {isa = PBXFileReference; fileEncoding = 4; lastKnownFileType = sourcecode.c.objc; path = WebViewJavascriptBridge.m; sourceTree = "<group>"; };
		F66087171D9CBDC400DD202C /* APPHint.h */ = {isa = PBXFileReference; fileEncoding = 4; lastKnownFileType = sourcecode.c.h; path = APPHint.h; sourceTree = "<group>"; };
		F66087181D9CBDC400DD202C /* APPHint.m */ = {isa = PBXFileReference; fileEncoding = 4; lastKnownFileType = sourcecode.c.objc; path = APPHint.m; sourceTree = "<group>"; };
		F660871A1D9CBEB900DD202C /* NJBProgressContentView.h */ = {isa = PBXFileReference; fileEncoding = 4; lastKnownFileType = sourcecode.c.h; path = NJBProgressContentView.h; sourceTree = "<group>"; };
		F660871B1D9CBEB900DD202C /* NJBProgressContentView.m */ = {isa = PBXFileReference; fileEncoding = 4; lastKnownFileType = sourcecode.c.objc; path = NJBProgressContentView.m; sourceTree = "<group>"; };
		F660871E1D9CC1B900DD202C /* NJKWebViewProgress.h */ = {isa = PBXFileReference; fileEncoding = 4; lastKnownFileType = sourcecode.c.h; path = NJKWebViewProgress.h; sourceTree = "<group>"; };
		F660871F1D9CC1B900DD202C /* NJKWebViewProgress.m */ = {isa = PBXFileReference; fileEncoding = 4; lastKnownFileType = sourcecode.c.objc; path = NJKWebViewProgress.m; sourceTree = "<group>"; };
		F66087201D9CC1B900DD202C /* NJKWebViewProgressView.h */ = {isa = PBXFileReference; fileEncoding = 4; lastKnownFileType = sourcecode.c.h; path = NJKWebViewProgressView.h; sourceTree = "<group>"; };
		F66087211D9CC1B900DD202C /* NJKWebViewProgressView.m */ = {isa = PBXFileReference; fileEncoding = 4; lastKnownFileType = sourcecode.c.objc; path = NJKWebViewProgressView.m; sourceTree = "<group>"; };
		F66087251D9CC8A300DD202C /* Tools.h */ = {isa = PBXFileReference; fileEncoding = 4; lastKnownFileType = sourcecode.c.h; path = Tools.h; sourceTree = "<group>"; };
		F66087261D9CC8A300DD202C /* Tools.m */ = {isa = PBXFileReference; fileEncoding = 4; lastKnownFileType = sourcecode.c.objc; path = Tools.m; sourceTree = "<group>"; };
		F66087291D9CE65900DD202C /* UIPickerController.h */ = {isa = PBXFileReference; fileEncoding = 4; lastKnownFileType = sourcecode.c.h; path = UIPickerController.h; sourceTree = "<group>"; };
		F660872A1D9CE65900DD202C /* UIPickerController.m */ = {isa = PBXFileReference; fileEncoding = 4; lastKnownFileType = sourcecode.c.objc; path = UIPickerController.m; sourceTree = "<group>"; };
		F66087321D9CEC9700DD202C /* PrefixHeader.pch */ = {isa = PBXFileReference; lastKnownFileType = sourcecode.c.h; path = PrefixHeader.pch; sourceTree = "<group>"; };
		F66087331D9CF5B400DD202C /* AnimView.h */ = {isa = PBXFileReference; fileEncoding = 4; lastKnownFileType = sourcecode.c.h; path = AnimView.h; sourceTree = "<group>"; };
		F66087341D9CF5B400DD202C /* AnimView.m */ = {isa = PBXFileReference; fileEncoding = 4; lastKnownFileType = sourcecode.c.objc; path = AnimView.m; sourceTree = "<group>"; };
		F660873A1D9D316400DD202C /* CollectionControllerViewController.h */ = {isa = PBXFileReference; fileEncoding = 4; lastKnownFileType = sourcecode.c.h; path = CollectionControllerViewController.h; sourceTree = "<group>"; };
		F660873B1D9D316400DD202C /* CollectionControllerViewController.m */ = {isa = PBXFileReference; fileEncoding = 4; lastKnownFileType = sourcecode.c.objc; path = CollectionControllerViewController.m; sourceTree = "<group>"; };
		F660873D1D9D319300DD202C /* CollectionViewCell.h */ = {isa = PBXFileReference; fileEncoding = 4; lastKnownFileType = sourcecode.c.h; path = CollectionViewCell.h; sourceTree = "<group>"; };
		F660873E1D9D319300DD202C /* CollectionViewCell.m */ = {isa = PBXFileReference; fileEncoding = 4; lastKnownFileType = sourcecode.c.objc; path = CollectionViewCell.m; sourceTree = "<group>"; };
/* End PBXFileReference section */

/* Begin PBXFrameworksBuildPhase section */
		F64FAE4B1D9BD57E00E7520F /* Frameworks */ = {
			isa = PBXFrameworksBuildPhase;
			buildActionMask = 2147483647;
			files = (
				D9B8B13147AA5C241402BAB2 /* libPods.a in Frameworks */,
			);
			runOnlyForDeploymentPostprocessing = 0;
		};
/* End PBXFrameworksBuildPhase section */

/* Begin PBXGroup section */
		59CE952C56F0044E66EE6716 /* Pods */ = {
			isa = PBXGroup;
			children = (
				D1C6F2C1DBABDFED8EB2E46F /* Pods.debug.xcconfig */,
				7AD0979C17E4C190F8D3742D /* Pods.release.xcconfig */,
			);
			name = Pods;
			sourceTree = "<group>";
		};
		F4CA6858353FD062A86F08CF /* Frameworks */ = {
			isa = PBXGroup;
			children = (
				04CFE87012EF0091B7FFC7EA /* libPods.a */,
			);
			name = Frameworks;
			sourceTree = "<group>";
		};
		F64FAE451D9BD57E00E7520F = {
			isa = PBXGroup;
			children = (
				F66087311D9CEC8B00DD202C /* Currency */,
				F64FAE501D9BD57E00E7520F /* IOSDemo */,
				F64FAE4F1D9BD57E00E7520F /* Products */,
				59CE952C56F0044E66EE6716 /* Pods */,
				F4CA6858353FD062A86F08CF /* Frameworks */,
			);
			sourceTree = "<group>";
		};
		F64FAE4F1D9BD57E00E7520F /* Products */ = {
			isa = PBXGroup;
			children = (
				F64FAE4E1D9BD57E00E7520F /* IOSDemo.app */,
			);
			name = Products;
			sourceTree = "<group>";
		};
		F64FAE501D9BD57E00E7520F /* IOSDemo */ = {
			isa = PBXGroup;
			children = (
				F66087241D9CC89700DD202C /* Utils */,
				F64FAE6E1D9BD7F800E7520F /* Custom */,
				F64FAE6C1D9BD77600E7520F /* Base */,
				F64FAE6D1D9BD77600E7520F /* Constant */,
				F64FAE691D9BD6F200E7520F /* Classs */,
				F64FAE6A1D9BD6F200E7520F /* PListConfig */,
				F64FAE571D9BD57E00E7520F /* ViewController.h */,
				F64FAE581D9BD57E00E7520F /* ViewController.m */,
				F64FAE5D1D9BD57E00E7520F /* Assets.xcassets */,
				F64FAE5F1D9BD57E00E7520F /* LaunchScreen.storyboard */,
				F64FAE621D9BD57E00E7520F /* Info.plist */,
				F64FAE511D9BD57E00E7520F /* Supporting Files */,
			);
			path = IOSDemo;
			sourceTree = "<group>";
		};
		F64FAE511D9BD57E00E7520F /* Supporting Files */ = {
			isa = PBXGroup;
			children = (
				F64FAE541D9BD57E00E7520F /* AppDelegate.h */,
				F64FAE551D9BD57E00E7520F /* AppDelegate.m */,
				F64FAE521D9BD57E00E7520F /* main.m */,
			);
			name = "Supporting Files";
			sourceTree = "<group>";
		};
		F64FAE691D9BD6F200E7520F /* Classs */ = {
			isa = PBXGroup;
			children = (
				F66087391D9D316400DD202C /* UICollectionView */,
				F66087281D9CE62500DD202C /* UIPickerView */,
				F64FAE6B1D9BD71900E7520F /* UIWebView */,
			);
			path = Classs;
			sourceTree = "<group>";
		};
		F64FAE6A1D9BD6F200E7520F /* PListConfig */ = {
			isa = PBXGroup;
			children = (
				F64FAE7A1D9BDD6500E7520F /* functionList.plist */,
			);
			path = PListConfig;
			sourceTree = "<group>";
		};
		F64FAE6B1D9BD71900E7520F /* UIWebView */ = {
			isa = PBXGroup;
			children = (
				F660871D1D9CC1B900DD202C /* NJKWebViewProgress */,
				F66087101D9CB9BB00DD202C /* WebViewJavascriptBridge */,
				F660870A1D9CB74700DD202C /* Html */,
				F64FAE7C1D9BEAB700E7520F /* AppWebViewController.h */,
				F64FAE7D1D9BEAB700E7520F /* AppWebViewController.m */,
			);
			path = UIWebView;
			sourceTree = "<group>";
		};
		F64FAE6C1D9BD77600E7520F /* Base */ = {
			isa = PBXGroup;
			children = (
				F66087161D9CBDC400DD202C /* APPProgressHUD */,
			);
			path = Base;
			sourceTree = "<group>";
		};
		F64FAE6D1D9BD77600E7520F /* Constant */ = {
			isa = PBXGroup;
			children = (
				F64FAE7F1D9BF28A00E7520F /* LHDefines.h */,
			);
			path = Constant;
			sourceTree = "<group>";
		};
		F64FAE6E1D9BD7F800E7520F /* Custom */ = {
			isa = PBXGroup;
			children = (
				F64FAE731D9BD8F800E7520F /* Color */,
				F64FAE721D9BD8E300E7520F /* Controller */,
			);
			path = Custom;
			sourceTree = "<group>";
		};
		F64FAE721D9BD8E300E7520F /* Controller */ = {
			isa = PBXGroup;
			children = (
				F64FAE6F1D9BD8AA00E7520F /* BaseNavigationController.h */,
				F64FAE701D9BD8AA00E7520F /* BaseNavigationController.m */,
			);
			name = Controller;
			sourceTree = "<group>";
		};
		F64FAE731D9BD8F800E7520F /* Color */ = {
			isa = PBXGroup;
			children = (
				F64FAE741D9BD93100E7520F /* UIColor+APPColor.h */,
				F64FAE751D9BD93100E7520F /* UIColor+APPColor.m */,
				F64FAE771D9BD9C600E7520F /* UIColor+Hex.h */,
				F64FAE781D9BD9C600E7520F /* UIColor+Hex.m */,
			);
			name = Color;
			sourceTree = "<group>";
		};
		F660870A1D9CB74700DD202C /* Html */ = {
			isa = PBXGroup;
			children = (
				F660870D1D9CB82F00DD202C /* js */,
				F660870B1D9CB76000DD202C /* index.html */,
			);
			path = Html;
			sourceTree = "<group>";
		};
		F660870D1D9CB82F00DD202C /* js */ = {
			isa = PBXGroup;
			children = (
				F660870E1D9CB82F00DD202C /* app.js */,
			);
			path = js;
			sourceTree = "<group>";
		};
		F66087101D9CB9BB00DD202C /* WebViewJavascriptBridge */ = {
			isa = PBXGroup;
			children = (
				F66087111D9CB9BB00DD202C /* WebViewJavascriptBridge.h */,
				F66087121D9CB9BB00DD202C /* WebViewJavascriptBridge.js.txt */,
				F66087131D9CB9BB00DD202C /* WebViewJavascriptBridge.m */,
			);
			path = WebViewJavascriptBridge;
			sourceTree = "<group>";
		};
		F66087161D9CBDC400DD202C /* APPProgressHUD */ = {
			isa = PBXGroup;
			children = (
				F660871A1D9CBEB900DD202C /* NJBProgressContentView.h */,
				F660871B1D9CBEB900DD202C /* NJBProgressContentView.m */,
				F66087171D9CBDC400DD202C /* APPHint.h */,
				F66087181D9CBDC400DD202C /* APPHint.m */,
			);
			path = APPProgressHUD;
			sourceTree = "<group>";
		};
		F660871D1D9CC1B900DD202C /* NJKWebViewProgress */ = {
			isa = PBXGroup;
			children = (
				F660871E1D9CC1B900DD202C /* NJKWebViewProgress.h */,
				F660871F1D9CC1B900DD202C /* NJKWebViewProgress.m */,
				F66087201D9CC1B900DD202C /* NJKWebViewProgressView.h */,
				F66087211D9CC1B900DD202C /* NJKWebViewProgressView.m */,
			);
			path = NJKWebViewProgress;
			sourceTree = "<group>";
		};
		F66087241D9CC89700DD202C /* Utils */ = {
			isa = PBXGroup;
			children = (
				F66087251D9CC8A300DD202C /* Tools.h */,
				F66087261D9CC8A300DD202C /* Tools.m */,
			);
			path = Utils;
			sourceTree = "<group>";
		};
		F66087281D9CE62500DD202C /* UIPickerView */ = {
			isa = PBXGroup;
			children = (
				F66087291D9CE65900DD202C /* UIPickerController.h */,
				F660872A1D9CE65900DD202C /* UIPickerController.m */,
				F66087331D9CF5B400DD202C /* AnimView.h */,
				F66087341D9CF5B400DD202C /* AnimView.m */,
			);
			path = UIPickerView;
			sourceTree = "<group>";
		};
		F66087311D9CEC8B00DD202C /* Currency */ = {
			isa = PBXGroup;
			children = (
				F66087321D9CEC9700DD202C /* PrefixHeader.pch */,
			);
			path = Currency;
			sourceTree = "<group>";
		};
		F66087391D9D316400DD202C /* UICollectionView */ = {
			isa = PBXGroup;
			children = (
				F660873A1D9D316400DD202C /* CollectionControllerViewController.h */,
				F660873B1D9D316400DD202C /* CollectionControllerViewController.m */,
				F660873D1D9D319300DD202C /* CollectionViewCell.h */,
				F660873E1D9D319300DD202C /* CollectionViewCell.m */,
			);
			path = UICollectionView;
			sourceTree = "<group>";
		};
/* End PBXGroup section */

/* Begin PBXNativeTarget section */
		F64FAE4D1D9BD57E00E7520F /* IOSDemo */ = {
			isa = PBXNativeTarget;
			buildConfigurationList = F64FAE651D9BD57E00E7520F /* Build configuration list for PBXNativeTarget "IOSDemo" */;
			buildPhases = (
				2832AC813F4F3D14F9A2BCBF /* Check Pods Manifest.lock */,
				F64FAE4A1D9BD57E00E7520F /* Sources */,
				F64FAE4B1D9BD57E00E7520F /* Frameworks */,
				F64FAE4C1D9BD57E00E7520F /* Resources */,
				B5BC1DA504442AEF7B169769 /* Embed Pods Frameworks */,
				ABC912758985452E275AE68B /* Copy Pods Resources */,
			);
			buildRules = (
			);
			dependencies = (
			);
			name = IOSDemo;
			productName = IOSDemo;
			productReference = F64FAE4E1D9BD57E00E7520F /* IOSDemo.app */;
			productType = "com.apple.product-type.application";
		};
/* End PBXNativeTarget section */

/* Begin PBXProject section */
		F64FAE461D9BD57E00E7520F /* Project object */ = {
			isa = PBXProject;
			attributes = {
				LastUpgradeCheck = 0800;
				ORGANIZATIONNAME = niuhome_vip;
				TargetAttributes = {
					F64FAE4D1D9BD57E00E7520F = {
						CreatedOnToolsVersion = 8.0;
						ProvisioningStyle = Automatic;
					};
				};
			};
			buildConfigurationList = F64FAE491D9BD57E00E7520F /* Build configuration list for PBXProject "IOSDemo" */;
			compatibilityVersion = "Xcode 3.2";
			developmentRegion = English;
			hasScannedForEncodings = 0;
			knownRegions = (
				en,
				Base,
			);
			mainGroup = F64FAE451D9BD57E00E7520F;
			productRefGroup = F64FAE4F1D9BD57E00E7520F /* Products */;
			projectDirPath = "";
			projectRoot = "";
			targets = (
				F64FAE4D1D9BD57E00E7520F /* IOSDemo */,
			);
		};
/* End PBXProject section */

/* Begin PBXResourcesBuildPhase section */
		F64FAE4C1D9BD57E00E7520F /* Resources */ = {
			isa = PBXResourcesBuildPhase;
			buildActionMask = 2147483647;
			files = (
				F660870F1D9CB82F00DD202C /* app.js in Resources */,
				F660870C1D9CB76000DD202C /* index.html in Resources */,
				F66087141D9CB9BB00DD202C /* WebViewJavascriptBridge.js.txt in Resources */,
				F64FAE611D9BD57E00E7520F /* LaunchScreen.storyboard in Resources */,
				F64FAE5E1D9BD57E00E7520F /* Assets.xcassets in Resources */,
				F64FAE7B1D9BDD6500E7520F /* functionList.plist in Resources */,
			);
			runOnlyForDeploymentPostprocessing = 0;
		};
/* End PBXResourcesBuildPhase section */

/* Begin PBXShellScriptBuildPhase section */
		2832AC813F4F3D14F9A2BCBF /* Check Pods Manifest.lock */ = {
			isa = PBXShellScriptBuildPhase;
			buildActionMask = 2147483647;
			files = (
			);
			inputPaths = (
			);
			name = "Check Pods Manifest.lock";
			outputPaths = (
			);
			runOnlyForDeploymentPostprocessing = 0;
			shellPath = /bin/sh;
			shellScript = "diff \"${PODS_ROOT}/../Podfile.lock\" \"${PODS_ROOT}/Manifest.lock\" > /dev/null\nif [[ $? != 0 ]] ; then\n    cat << EOM\nerror: The sandbox is not in sync with the Podfile.lock. Run 'pod install' or update your CocoaPods installation.\nEOM\n    exit 1\nfi\n";
			showEnvVarsInLog = 0;
		};
		ABC912758985452E275AE68B /* Copy Pods Resources */ = {
			isa = PBXShellScriptBuildPhase;
			buildActionMask = 2147483647;
			files = (
			);
			inputPaths = (
			);
			name = "Copy Pods Resources";
			outputPaths = (
			);
			runOnlyForDeploymentPostprocessing = 0;
			shellPath = /bin/sh;
			shellScript = "\"${SRCROOT}/Pods/Target Support Files/Pods/Pods-resources.sh\"\n";
			showEnvVarsInLog = 0;
		};
		B5BC1DA504442AEF7B169769 /* Embed Pods Frameworks */ = {
			isa = PBXShellScriptBuildPhase;
			buildActionMask = 2147483647;
			files = (
			);
			inputPaths = (
			);
			name = "Embed Pods Frameworks";
			outputPaths = (
			);
			runOnlyForDeploymentPostprocessing = 0;
			shellPath = /bin/sh;
			shellScript = "\"${SRCROOT}/Pods/Target Support Files/Pods/Pods-frameworks.sh\"\n";
			showEnvVarsInLog = 0;
		};
/* End PBXShellScriptBuildPhase section */

/* Begin PBXSourcesBuildPhase section */
		F64FAE4A1D9BD57E00E7520F /* Sources */ = {
			isa = PBXSourcesBuildPhase;
			buildActionMask = 2147483647;
			files = (
				F660871C1D9CBEB900DD202C /* NJBProgressContentView.m in Sources */,
				F64FAE7E1D9BEAB700E7520F /* AppWebViewController.m in Sources */,
				F66087151D9CB9BB00DD202C /* WebViewJavascriptBridge.m in Sources */,
				F64FAE711D9BD8AA00E7520F /* BaseNavigationController.m in Sources */,
				F66087221D9CC1B900DD202C /* NJKWebViewProgress.m in Sources */,
				F66087351D9CF5B400DD202C /* AnimView.m in Sources */,
				F64FAE791D9BD9C600E7520F /* UIColor+Hex.m in Sources */,
				F66087271D9CC8A300DD202C /* Tools.m in Sources */,
				F64FAE591D9BD57E00E7520F /* ViewController.m in Sources */,
				F660873F1D9D319300DD202C /* CollectionViewCell.m in Sources */,
				F66087231D9CC1B900DD202C /* NJKWebViewProgressView.m in Sources */,
				F64FAE561D9BD57E00E7520F /* AppDelegate.m in Sources */,
				F64FAE761D9BD93100E7520F /* UIColor+APPColor.m in Sources */,
				F66087191D9CBDC400DD202C /* APPHint.m in Sources */,
				F64FAE531D9BD57E00E7520F /* main.m in Sources */,
				F660873C1D9D316400DD202C /* CollectionControllerViewController.m in Sources */,
				F660872B1D9CE65900DD202C /* UIPickerController.m in Sources */,
			);
			runOnlyForDeploymentPostprocessing = 0;
		};
/* End PBXSourcesBuildPhase section */

/* Begin PBXVariantGroup section */
		F64FAE5F1D9BD57E00E7520F /* LaunchScreen.storyboard */ = {
			isa = PBXVariantGroup;
			children = (
				F64FAE601D9BD57E00E7520F /* Base */,
			);
			name = LaunchScreen.storyboard;
			sourceTree = "<group>";
		};
/* End PBXVariantGroup section */

/* Begin XCBuildConfiguration section */
		F64FAE631D9BD57E00E7520F /* Debug */ = {
			isa = XCBuildConfiguration;
			buildSettings = {
				ALWAYS_SEARCH_USER_PATHS = NO;
				CLANG_ANALYZER_NONNULL = YES;
				CLANG_CXX_LANGUAGE_STANDARD = "gnu++0x";
				CLANG_CXX_LIBRARY = "libc++";
				CLANG_ENABLE_MODULES = YES;
				CLANG_ENABLE_OBJC_ARC = YES;
				CLANG_WARN_BOOL_CONVERSION = YES;
				CLANG_WARN_CONSTANT_CONVERSION = YES;
				CLANG_WARN_DIRECT_OBJC_ISA_USAGE = YES_ERROR;
				CLANG_WARN_DOCUMENTATION_COMMENTS = YES;
				CLANG_WARN_EMPTY_BODY = YES;
				CLANG_WARN_ENUM_CONVERSION = YES;
				CLANG_WARN_INFINITE_RECURSION = YES;
				CLANG_WARN_INT_CONVERSION = YES;
				CLANG_WARN_OBJC_ROOT_CLASS = YES_ERROR;
				CLANG_WARN_SUSPICIOUS_MOVES = YES;
				CLANG_WARN_UNREACHABLE_CODE = YES;
				CLANG_WARN__DUPLICATE_METHOD_MATCH = YES;
				"CODE_SIGN_IDENTITY[sdk=iphoneos*]" = "iPhone Developer";
				COPY_PHASE_STRIP = NO;
				DEBUG_INFORMATION_FORMAT = dwarf;
				ENABLE_STRICT_OBJC_MSGSEND = YES;
				ENABLE_TESTABILITY = YES;
				GCC_C_LANGUAGE_STANDARD = gnu99;
				GCC_DYNAMIC_NO_PIC = NO;
				GCC_NO_COMMON_BLOCKS = YES;
				GCC_OPTIMIZATION_LEVEL = 0;
				GCC_PREPROCESSOR_DEFINITIONS = (
					"DEBUG=1",
					"$(inherited)",
				);
				GCC_WARN_64_TO_32_BIT_CONVERSION = YES;
				GCC_WARN_ABOUT_RETURN_TYPE = YES_ERROR;
				GCC_WARN_UNDECLARED_SELECTOR = YES;
				GCC_WARN_UNINITIALIZED_AUTOS = YES_AGGRESSIVE;
				GCC_WARN_UNUSED_FUNCTION = YES;
				GCC_WARN_UNUSED_VARIABLE = YES;
				IPHONEOS_DEPLOYMENT_TARGET = 10.0;
				MTL_ENABLE_DEBUG_INFO = YES;
				ONLY_ACTIVE_ARCH = YES;
				SDKROOT = iphoneos;
			};
			name = Debug;
		};
		F64FAE641D9BD57E00E7520F /* Release */ = {
			isa = XCBuildConfiguration;
			buildSettings = {
				ALWAYS_SEARCH_USER_PATHS = NO;
				CLANG_ANALYZER_NONNULL = YES;
				CLANG_CXX_LANGUAGE_STANDARD = "gnu++0x";
				CLANG_CXX_LIBRARY = "libc++";
				CLANG_ENABLE_MODULES = YES;
				CLANG_ENABLE_OBJC_ARC = YES;
				CLANG_WARN_BOOL_CONVERSION = YES;
				CLANG_WARN_CONSTANT_CONVERSION = YES;
				CLANG_WARN_DIRECT_OBJC_ISA_USAGE = YES_ERROR;
				CLANG_WARN_DOCUMENTATION_COMMENTS = YES;
				CLANG_WARN_EMPTY_BODY = YES;
				CLANG_WARN_ENUM_CONVERSION = YES;
				CLANG_WARN_INFINITE_RECURSION = YES;
				CLANG_WARN_INT_CONVERSION = YES;
				CLANG_WARN_OBJC_ROOT_CLASS = YES_ERROR;
				CLANG_WARN_SUSPICIOUS_MOVES = YES;
				CLANG_WARN_UNREACHABLE_CODE = YES;
				CLANG_WARN__DUPLICATE_METHOD_MATCH = YES;
				"CODE_SIGN_IDENTITY[sdk=iphoneos*]" = "iPhone Developer";
				COPY_PHASE_STRIP = NO;
				DEBUG_INFORMATION_FORMAT = "dwarf-with-dsym";
				ENABLE_NS_ASSERTIONS = NO;
				ENABLE_STRICT_OBJC_MSGSEND = YES;
				GCC_C_LANGUAGE_STANDARD = gnu99;
				GCC_NO_COMMON_BLOCKS = YES;
				GCC_WARN_64_TO_32_BIT_CONVERSION = YES;
				GCC_WARN_ABOUT_RETURN_TYPE = YES_ERROR;
				GCC_WARN_UNDECLARED_SELECTOR = YES;
				GCC_WARN_UNINITIALIZED_AUTOS = YES_AGGRESSIVE;
				GCC_WARN_UNUSED_FUNCTION = YES;
				GCC_WARN_UNUSED_VARIABLE = YES;
				IPHONEOS_DEPLOYMENT_TARGET = 10.0;
				MTL_ENABLE_DEBUG_INFO = NO;
				SDKROOT = iphoneos;
				VALIDATE_PRODUCT = YES;
			};
			name = Release;
		};
		F64FAE661D9BD57E00E7520F /* Debug */ = {
			isa = XCBuildConfiguration;
			baseConfigurationReference = D1C6F2C1DBABDFED8EB2E46F /* Pods.debug.xcconfig */;
			buildSettings = {
				ASSETCATALOG_COMPILER_APPICON_NAME = AppIcon;
				GCC_PRECOMPILE_PREFIX_HEADER = YES;
				GCC_PREFIX_HEADER = /Users/niuhome_vip/Desktop/codes/IOSDemo/IOSDemo/IOSDemo/Currency/PrefixHeader.pch;
				INFOPLIST_FILE = IOSDemo/Info.plist;
				LD_RUNPATH_SEARCH_PATHS = "$(inherited) @executable_path/Frameworks";
				PRODUCT_BUNDLE_IDENTIFIER = wo.demos.IOSDemo;
				PRODUCT_NAME = "$(TARGET_NAME)";
			};
			name = Debug;
		};
		F64FAE671D9BD57E00E7520F /* Release */ = {
			isa = XCBuildConfiguration;
			baseConfigurationReference = 7AD0979C17E4C190F8D3742D /* Pods.release.xcconfig */;
			buildSettings = {
				ASSETCATALOG_COMPILER_APPICON_NAME = AppIcon;
				GCC_PRECOMPILE_PREFIX_HEADER = YES;
				GCC_PREFIX_HEADER = /Users/niuhome_vip/Desktop/codes/IOSDemo/IOSDemo/IOSDemo/Currency/PrefixHeader.pch;
				INFOPLIST_FILE = IOSDemo/Info.plist;
				LD_RUNPATH_SEARCH_PATHS = "$(inherited) @executable_path/Frameworks";
				PRODUCT_BUNDLE_IDENTIFIER = wo.demos.IOSDemo;
				PRODUCT_NAME = "$(TARGET_NAME)";
			};
			name = Release;
		};
/* End XCBuildConfiguration section */

/* Begin XCConfigurationList section */
		F64FAE491D9BD57E00E7520F /* Build configuration list for PBXProject "IOSDemo" */ = {
			isa = XCConfigurationList;
			buildConfigurations = (
				F64FAE631D9BD57E00E7520F /* Debug */,
				F64FAE641D9BD57E00E7520F /* Release */,
			);
			defaultConfigurationIsVisible = 0;
			defaultConfigurationName = Release;
		};
		F64FAE651D9BD57E00E7520F /* Build configuration list for PBXNativeTarget "IOSDemo" */ = {
			isa = XCConfigurationList;
			buildConfigurations = (
				F64FAE661D9BD57E00E7520F /* Debug */,
				F64FAE671D9BD57E00E7520F /* Release */,
			);
			defaultConfigurationIsVisible = 0;
			defaultConfigurationName = Release;
		};
/* End XCConfigurationList section */
	};
	rootObject = F64FAE461D9BD57E00E7520F /* Project object */;
}
